// !$*UTF8*$!
{
	archiveVersion = 1;
	classes = {
	};
	objectVersion = 46;
	objects = {

/* Begin PBXBuildFile section */
		F20A84E41B9D3C360028EAEC /* icon.png in Resources */ = {isa = PBXBuildFile; fileRef = F20A84E31B9D3C360028EAEC /* icon.png */; };
		F2E56B741B7DA56000547E36 /* main.m in Sources */ = {isa = PBXBuildFile; fileRef = F2E56B731B7DA56000547E36 /* main.m */; };
		F2E56B771B7DA56000547E36 /* AppDelegate.m in Sources */ = {isa = PBXBuildFile; fileRef = F2E56B761B7DA56000547E36 /* AppDelegate.m */; };
		F2E56B7A1B7DA56000547E36 /* ViewController.m in Sources */ = {isa = PBXBuildFile; fileRef = F2E56B791B7DA56000547E36 /* ViewController.m */; };
		F2E56B7D1B7DA56000547E36 /* Main.storyboard in Resources */ = {isa = PBXBuildFile; fileRef = F2E56B7B1B7DA56000547E36 /* Main.storyboard */; };
		F2E56B7F1B7DA56000547E36 /* Images.xcassets in Resources */ = {isa = PBXBuildFile; fileRef = F2E56B7E1B7DA56000547E36 /* Images.xcassets */; };
		F2E56B821B7DA56000547E36 /* LaunchScreen.xib in Resources */ = {isa = PBXBuildFile; fileRef = F2E56B801B7DA56000547E36 /* LaunchScreen.xib */; };
		F2E56B8E1B7DA56100547E36 /* SimpleWeatherTests.m in Sources */ = {isa = PBXBuildFile; fileRef = F2E56B8D1B7DA56100547E36 /* SimpleWeatherTests.m */; };
		F2E56BA11B7DA62600547E36 /* InterfaceController.m in Sources */ = {isa = PBXBuildFile; fileRef = F2E56BA01B7DA62600547E36 /* InterfaceController.m */; };
		F2E56BA31B7DA62600547E36 /* Images.xcassets in Resources */ = {isa = PBXBuildFile; fileRef = F2E56BA21B7DA62600547E36 /* Images.xcassets */; };
		F2E56BA71B7DA62600547E36 /* SimpleWeather WatchKit App.app in Resources */ = {isa = PBXBuildFile; fileRef = F2E56BA61B7DA62600547E36 /* SimpleWeather WatchKit App.app */; };
		F2E56BAF1B7DA62600547E36 /* Interface.storyboard in Resources */ = {isa = PBXBuildFile; fileRef = F2E56BAD1B7DA62600547E36 /* Interface.storyboard */; };
		F2E56BB11B7DA62600547E36 /* Images.xcassets in Resources */ = {isa = PBXBuildFile; fileRef = F2E56BB01B7DA62600547E36 /* Images.xcassets */; };
		F2E56BB41B7DA62600547E36 /* SimpleWeather WatchKit Extension.appex in Embed App Extensions */ = {isa = PBXBuildFile; fileRef = F2E56B9B1B7DA62600547E36 /* SimpleWeather WatchKit Extension.appex */; settings = {ATTRIBUTES = (RemoveHeadersOnCopy, ); }; };
/* End PBXBuildFile section */

/* Begin PBXContainerItemProxy section */
		F2E56B881B7DA56100547E36 /* PBXContainerItemProxy */ = {
			isa = PBXContainerItemProxy;
			containerPortal = F2E56B661B7DA56000547E36 /* Project object */;
			proxyType = 1;
			remoteGlobalIDString = F2E56B6D1B7DA56000547E36;
			remoteInfo = SimpleWeather;
		};
		F2E56BA81B7DA62600547E36 /* PBXContainerItemProxy */ = {
			isa = PBXContainerItemProxy;
			containerPortal = F2E56B661B7DA56000547E36 /* Project object */;
			proxyType = 1;
			remoteGlobalIDString = F2E56BA51B7DA62600547E36;
			remoteInfo = "SimpleWeather WatchKit App";
		};
		F2E56BB21B7DA62600547E36 /* PBXContainerItemProxy */ = {
			isa = PBXContainerItemProxy;
			containerPortal = F2E56B661B7DA56000547E36 /* Project object */;
			proxyType = 1;
			remoteGlobalIDString = F2E56B9A1B7DA62600547E36;
			remoteInfo = "SimpleWeather WatchKit Extension";
		};
/* End PBXContainerItemProxy section */

/* Begin PBXCopyFilesBuildPhase section */
		F2E56BBB1B7DA62600547E36 /* Embed App Extensions */ = {
			isa = PBXCopyFilesBuildPhase;
			buildActionMask = 2147483647;
			dstPath = "";
			dstSubfolderSpec = 13;
			files = (
				F2E56BB41B7DA62600547E36 /* SimpleWeather WatchKit Extension.appex in Embed App Extensions */,
			);
			name = "Embed App Extensions";
			runOnlyForDeploymentPostprocessing = 0;
		};
/* End PBXCopyFilesBuildPhase section */

/* Begin PBXFileReference section */
		F20A84E31B9D3C360028EAEC /* icon.png */ = {isa = PBXFileReference; lastKnownFileType = image.png; path = icon.png; sourceTree = "<group>"; };
		F2E56B6E1B7DA56000547E36 /* SimpleWeather.app */ = {isa = PBXFileReference; explicitFileType = wrapper.application; includeInIndex = 0; path = SimpleWeather.app; sourceTree = BUILT_PRODUCTS_DIR; };
		F2E56B721B7DA56000547E36 /* Info.plist */ = {isa = PBXFileReference; lastKnownFileType = text.plist.xml; path = Info.plist; sourceTree = "<group>"; };
		F2E56B731B7DA56000547E36 /* main.m */ = {isa = PBXFileReference; lastKnownFileType = sourcecode.c.objc; path = main.m; sourceTree = "<group>"; };
		F2E56B751B7DA56000547E36 /* AppDelegate.h */ = {isa = PBXFileReference; lastKnownFileType = sourcecode.c.h; path = AppDelegate.h; sourceTree = "<group>"; };
		F2E56B761B7DA56000547E36 /* AppDelegate.m */ = {isa = PBXFileReference; lastKnownFileType = sourcecode.c.objc; path = AppDelegate.m; sourceTree = "<group>"; };
		F2E56B781B7DA56000547E36 /* ViewController.h */ = {isa = PBXFileReference; lastKnownFileType = sourcecode.c.h; path = ViewController.h; sourceTree = "<group>"; };
		F2E56B791B7DA56000547E36 /* ViewController.m */ = {isa = PBXFileReference; lastKnownFileType = sourcecode.c.objc; path = ViewController.m; sourceTree = "<group>"; };
		F2E56B7C1B7DA56000547E36 /* Base */ = {isa = PBXFileReference; lastKnownFileType = file.storyboard; name = Base; path = Base.lproj/Main.storyboard; sourceTree = "<group>"; };
		F2E56B7E1B7DA56000547E36 /* Images.xcassets */ = {isa = PBXFileReference; lastKnownFileType = folder.assetcatalog; path = Images.xcassets; sourceTree = "<group>"; };
		F2E56B811B7DA56000547E36 /* Base */ = {isa = PBXFileReference; lastKnownFileType = file.xib; name = Base; path = Base.lproj/LaunchScreen.xib; sourceTree = "<group>"; };
		F2E56B871B7DA56100547E36 /* SimpleWeatherTests.xctest */ = {isa = PBXFileReference; explicitFileType = wrapper.cfbundle; includeInIndex = 0; path = SimpleWeatherTests.xctest; sourceTree = BUILT_PRODUCTS_DIR; };
		F2E56B8C1B7DA56100547E36 /* Info.plist */ = {isa = PBXFileReference; lastKnownFileType = text.plist.xml; path = Info.plist; sourceTree = "<group>"; };
		F2E56B8D1B7DA56100547E36 /* SimpleWeatherTests.m */ = {isa = PBXFileReference; lastKnownFileType = sourcecode.c.objc; path = SimpleWeatherTests.m; sourceTree = "<group>"; };
		F2E56B9B1B7DA62600547E36 /* SimpleWeather WatchKit Extension.appex */ = {isa = PBXFileReference; explicitFileType = "wrapper.app-extension"; includeInIndex = 0; path = "SimpleWeather WatchKit Extension.appex"; sourceTree = BUILT_PRODUCTS_DIR; };
		F2E56B9E1B7DA62600547E36 /* Info.plist */ = {isa = PBXFileReference; lastKnownFileType = text.plist.xml; path = Info.plist; sourceTree = "<group>"; };
		F2E56B9F1B7DA62600547E36 /* InterfaceController.h */ = {isa = PBXFileReference; lastKnownFileType = sourcecode.c.h; path = InterfaceController.h; sourceTree = "<group>"; };
		F2E56BA01B7DA62600547E36 /* InterfaceController.m */ = {isa = PBXFileReference; lastKnownFileType = sourcecode.c.objc; path = InterfaceController.m; sourceTree = "<group>"; };
		F2E56BA21B7DA62600547E36 /* Images.xcassets */ = {isa = PBXFileReference; lastKnownFileType = folder.assetcatalog; path = Images.xcassets; sourceTree = "<group>"; };
		F2E56BA61B7DA62600547E36 /* SimpleWeather WatchKit App.app */ = {isa = PBXFileReference; explicitFileType = wrapper.application; includeInIndex = 0; path = "SimpleWeather WatchKit App.app"; sourceTree = BUILT_PRODUCTS_DIR; };
		F2E56BAC1B7DA62600547E36 /* Info.plist */ = {isa = PBXFileReference; lastKnownFileType = text.plist.xml; path = Info.plist; sourceTree = "<group>"; };
		F2E56BAE1B7DA62600547E36 /* Base */ = {isa = PBXFileReference; lastKnownFileType = file.storyboard; name = Base; path = Base.lproj/Interface.storyboard; sourceTree = "<group>"; };
		F2E56BB01B7DA62600547E36 /* Images.xcassets */ = {isa = PBXFileReference; lastKnownFileType = folder.assetcatalog; path = Images.xcassets; sourceTree = "<group>"; };
/* End PBXFileReference section */

/* Begin PBXFrameworksBuildPhase section */
		F2E56B6B1B7DA56000547E36 /* Frameworks */ = {
			isa = PBXFrameworksBuildPhase;
			buildActionMask = 2147483647;
			files = (
			);
			runOnlyForDeploymentPostprocessing = 0;
		};
		F2E56B841B7DA56100547E36 /* Frameworks */ = {
			isa = PBXFrameworksBuildPhase;
			buildActionMask = 2147483647;
			files = (
			);
			runOnlyForDeploymentPostprocessing = 0;
		};
		F2E56B981B7DA62600547E36 /* Frameworks */ = {
			isa = PBXFrameworksBuildPhase;
			buildActionMask = 2147483647;
			files = (
			);
			runOnlyForDeploymentPostprocessing = 0;
		};
/* End PBXFrameworksBuildPhase section */

/* Begin PBXGroup section */
		F2E56B651B7DA56000547E36 = {
			isa = PBXGroup;
			children = (
				F2E56B701B7DA56000547E36 /* SimpleWeather */,
				F2E56B8A1B7DA56100547E36 /* SimpleWeatherTests */,
				F2E56B9C1B7DA62600547E36 /* SimpleWeather WatchKit Extension */,
				F2E56BAA1B7DA62600547E36 /* SimpleWeather WatchKit App */,
				F2E56B6F1B7DA56000547E36 /* Products */,
			);
			sourceTree = "<group>";
		};
		F2E56B6F1B7DA56000547E36 /* Products */ = {
			isa = PBXGroup;
			children = (
				F2E56B6E1B7DA56000547E36 /* SimpleWeather.app */,
				F2E56B871B7DA56100547E36 /* SimpleWeatherTests.xctest */,
				F2E56B9B1B7DA62600547E36 /* SimpleWeather WatchKit Extension.appex */,
				F2E56BA61B7DA62600547E36 /* SimpleWeather WatchKit App.app */,
			);
			name = Products;
			sourceTree = "<group>";
		};
		F2E56B701B7DA56000547E36 /* SimpleWeather */ = {
			isa = PBXGroup;
			children = (
				F20A84E31B9D3C360028EAEC /* icon.png */,
				F2E56B751B7DA56000547E36 /* AppDelegate.h */,
				F2E56B761B7DA56000547E36 /* AppDelegate.m */,
				F2E56B781B7DA56000547E36 /* ViewController.h */,
				F2E56B791B7DA56000547E36 /* ViewController.m */,
				F2E56B7B1B7DA56000547E36 /* Main.storyboard */,
				F2E56B7E1B7DA56000547E36 /* Images.xcassets */,
				F2E56B801B7DA56000547E36 /* LaunchScreen.xib */,
				F2E56B711B7DA56000547E36 /* Supporting Files */,
			);
			path = SimpleWeather;
			sourceTree = "<group>";
		};
		F2E56B711B7DA56000547E36 /* Supporting Files */ = {
			isa = PBXGroup;
			children = (
				F2E56B721B7DA56000547E36 /* Info.plist */,
				F2E56B731B7DA56000547E36 /* main.m */,
			);
			name = "Supporting Files";
			sourceTree = "<group>";
		};
		F2E56B8A1B7DA56100547E36 /* SimpleWeatherTests */ = {
			isa = PBXGroup;
			children = (
				F2E56B8D1B7DA56100547E36 /* SimpleWeatherTests.m */,
				F2E56B8B1B7DA56100547E36 /* Supporting Files */,
			);
			path = SimpleWeatherTests;
			sourceTree = "<group>";
		};
		F2E56B8B1B7DA56100547E36 /* Supporting Files */ = {
			isa = PBXGroup;
			children = (
				F2E56B8C1B7DA56100547E36 /* Info.plist */,
			);
			name = "Supporting Files";
			sourceTree = "<group>";
		};
		F2E56B9C1B7DA62600547E36 /* SimpleWeather WatchKit Extension */ = {
			isa = PBXGroup;
			children = (
				F2E56B9F1B7DA62600547E36 /* InterfaceController.h */,
				F2E56BA01B7DA62600547E36 /* InterfaceController.m */,
				F2E56BA21B7DA62600547E36 /* Images.xcassets */,
				F2E56B9D1B7DA62600547E36 /* Supporting Files */,
			);
			path = "SimpleWeather WatchKit Extension";
			sourceTree = "<group>";
		};
		F2E56B9D1B7DA62600547E36 /* Supporting Files */ = {
			isa = PBXGroup;
			children = (
				F2E56B9E1B7DA62600547E36 /* Info.plist */,
			);
			name = "Supporting Files";
			sourceTree = "<group>";
		};
		F2E56BAA1B7DA62600547E36 /* SimpleWeather WatchKit App */ = {
			isa = PBXGroup;
			children = (
				F2E56BAD1B7DA62600547E36 /* Interface.storyboard */,
				F2E56BB01B7DA62600547E36 /* Images.xcassets */,
				F2E56BAB1B7DA62600547E36 /* Supporting Files */,
			);
			path = "SimpleWeather WatchKit App";
			sourceTree = "<group>";
		};
		F2E56BAB1B7DA62600547E36 /* Supporting Files */ = {
			isa = PBXGroup;
			children = (
				F2E56BAC1B7DA62600547E36 /* Info.plist */,
			);
			name = "Supporting Files";
			sourceTree = "<group>";
		};
/* End PBXGroup section */

/* Begin PBXNativeTarget section */
		F2E56B6D1B7DA56000547E36 /* SimpleWeather */ = {
			isa = PBXNativeTarget;
			buildConfigurationList = F2E56B911B7DA56100547E36 /* Build configuration list for PBXNativeTarget "SimpleWeather" */;
			buildPhases = (
				F2E56B6A1B7DA56000547E36 /* Sources */,
				F2E56B6B1B7DA56000547E36 /* Frameworks */,
				F2E56B6C1B7DA56000547E36 /* Resources */,
				F2E56BBB1B7DA62600547E36 /* Embed App Extensions */,
			);
			buildRules = (
			);
			dependencies = (
				F2E56BB31B7DA62600547E36 /* PBXTargetDependency */,
			);
			name = SimpleWeather;
			productName = SimpleWeather;
			productReference = F2E56B6E1B7DA56000547E36 /* SimpleWeather.app */;
			productType = "com.apple.product-type.application";
		};
		F2E56B861B7DA56100547E36 /* SimpleWeatherTests */ = {
			isa = PBXNativeTarget;
			buildConfigurationList = F2E56B941B7DA56100547E36 /* Build configuration list for PBXNativeTarget "SimpleWeatherTests" */;
			buildPhases = (
				F2E56B831B7DA56100547E36 /* Sources */,
				F2E56B841B7DA56100547E36 /* Frameworks */,
				F2E56B851B7DA56100547E36 /* Resources */,
			);
			buildRules = (
			);
			dependencies = (
				F2E56B891B7DA56100547E36 /* PBXTargetDependency */,
			);
			name = SimpleWeatherTests;
			productName = SimpleWeatherTests;
			productReference = F2E56B871B7DA56100547E36 /* SimpleWeatherTests.xctest */;
			productType = "com.apple.product-type.bundle.unit-test";
		};
		F2E56B9A1B7DA62600547E36 /* SimpleWeather WatchKit Extension */ = {
			isa = PBXNativeTarget;
			buildConfigurationList = F2E56BB81B7DA62600547E36 /* Build configuration list for PBXNativeTarget "SimpleWeather WatchKit Extension" */;
			buildPhases = (
				F2E56B971B7DA62600547E36 /* Sources */,
				F2E56B981B7DA62600547E36 /* Frameworks */,
				F2E56B991B7DA62600547E36 /* Resources */,
			);
			buildRules = (
			);
			dependencies = (
				F2E56BA91B7DA62600547E36 /* PBXTargetDependency */,
			);
			name = "SimpleWeather WatchKit Extension";
			productName = "SimpleWeather WatchKit Extension";
			productReference = F2E56B9B1B7DA62600547E36 /* SimpleWeather WatchKit Extension.appex */;
			productType = "com.apple.product-type.watchkit-extension";
		};
		F2E56BA51B7DA62600547E36 /* SimpleWeather WatchKit App */ = {
			isa = PBXNativeTarget;
			buildConfigurationList = F2E56BB51B7DA62600547E36 /* Build configuration list for PBXNativeTarget "SimpleWeather WatchKit App" */;
			buildPhases = (
				F2E56BA41B7DA62600547E36 /* Resources */,
			);
			buildRules = (
			);
			dependencies = (
			);
			name = "SimpleWeather WatchKit App";
			productName = "SimpleWeather WatchKit App";
			productReference = F2E56BA61B7DA62600547E36 /* SimpleWeather WatchKit App.app */;
			productType = "com.apple.product-type.application.watchapp";
		};
/* End PBXNativeTarget section */

/* Begin PBXProject section */
		F2E56B661B7DA56000547E36 /* Project object */ = {
			isa = PBXProject;
			attributes = {
				LastUpgradeCheck = 0640;
				ORGANIZATIONNAME = baiyunpeng.com;
				TargetAttributes = {
					F2E56B6D1B7DA56000547E36 = {
						CreatedOnToolsVersion = 6.4;
					};
					F2E56B861B7DA56100547E36 = {
						CreatedOnToolsVersion = 6.4;
						TestTargetID = F2E56B6D1B7DA56000547E36;
					};
					F2E56B9A1B7DA62600547E36 = {
						CreatedOnToolsVersion = 6.4;
					};
					F2E56BA51B7DA62600547E36 = {
						CreatedOnToolsVersion = 6.4;
					};
				};
			};
			buildConfigurationList = F2E56B691B7DA56000547E36 /* Build configuration list for PBXProject "SimpleWeather" */;
			compatibilityVersion = "Xcode 3.2";
			developmentRegion = English;
			hasScannedForEncodings = 0;
			knownRegions = (
				en,
				Base,
			);
			mainGroup = F2E56B651B7DA56000547E36;
			productRefGroup = F2E56B6F1B7DA56000547E36 /* Products */;
			projectDirPath = "";
			projectRoot = "";
			targets = (
				F2E56B6D1B7DA56000547E36 /* SimpleWeather */,
				F2E56B861B7DA56100547E36 /* SimpleWeatherTests */,
				F2E56B9A1B7DA62600547E36 /* SimpleWeather WatchKit Extension */,
				F2E56BA51B7DA62600547E36 /* SimpleWeather WatchKit App */,
			);
		};
/* End PBXProject section */

/* Begin PBXResourcesBuildPhase section */
		F2E56B6C1B7DA56000547E36 /* Resources */ = {
			isa = PBXResourcesBuildPhase;
			buildActionMask = 2147483647;
			files = (
				F20A84E41B9D3C360028EAEC /* icon.png in Resources */,
				F2E56B7D1B7DA56000547E36 /* Main.storyboard in Resources */,
				F2E56B821B7DA56000547E36 /* LaunchScreen.xib in Resources */,
				F2E56B7F1B7DA56000547E36 /* Images.xcassets in Resources */,
			);
			runOnlyForDeploymentPostprocessing = 0;
		};
		F2E56B851B7DA56100547E36 /* Resources */ = {
			isa = PBXResourcesBuildPhase;
			buildActionMask = 2147483647;
			files = (
			);
			runOnlyForDeploymentPostprocessing = 0;
		};
		F2E56B991B7DA62600547E36 /* Resources */ = {
			isa = PBXResourcesBuildPhase;
			buildActionMask = 2147483647;
			files = (
				F2E56BA31B7DA62600547E36 /* Images.xcassets in Resources */,
				F2E56BA71B7DA62600547E36 /* SimpleWeather WatchKit App.app in Resources */,
			);
			runOnlyForDeploymentPostprocessing = 0;
		};
		F2E56BA41B7DA62600547E36 /* Resources */ = {
			isa = PBXResourcesBuildPhase;
			buildActionMask = 2147483647;
			files = (
				F2E56BAF1B7DA62600547E36 /* Interface.storyboard in Resources */,
				F2E56BB11B7DA62600547E36 /* Images.xcassets in Resources */,
			);
			runOnlyForDeploymentPostprocessing = 0;
		};
/* End PBXResourcesBuildPhase section */

/* Begin PBXSourcesBuildPhase section */
		F2E56B6A1B7DA56000547E36 /* Sources */ = {
			isa = PBXSourcesBuildPhase;
			buildActionMask = 2147483647;
			files = (
				F2E56B7A1B7DA56000547E36 /* ViewController.m in Sources */,
				F2E56B771B7DA56000547E36 /* AppDelegate.m in Sources */,
				F2E56B741B7DA56000547E36 /* main.m in Sources */,
			);
			runOnlyForDeploymentPostprocessing = 0;
		};
		F2E56B831B7DA56100547E36 /* Sources */ = {
			isa = PBXSourcesBuildPhase;
			buildActionMask = 2147483647;
			files = (
				F2E56B8E1B7DA56100547E36 /* SimpleWeatherTests.m in Sources */,
			);
			runOnlyForDeploymentPostprocessing = 0;
		};
		F2E56B971B7DA62600547E36 /* Sources */ = {
			isa = PBXSourcesBuildPhase;
			buildActionMask = 2147483647;
			files = (
				F2E56BA11B7DA62600547E36 /* InterfaceController.m in Sources */,
			);
			runOnlyForDeploymentPostprocessing = 0;
		};
/* End PBXSourcesBuildPhase section */

/* Begin PBXTargetDependency section */
		F2E56B891B7DA56100547E36 /* PBXTargetDependency */ = {
			isa = PBXTargetDependency;
			target = F2E56B6D1B7DA56000547E36 /* SimpleWeather */;
			targetProxy = F2E56B881B7DA56100547E36 /* PBXContainerItemProxy */;
		};
		F2E56BA91B7DA62600547E36 /* PBXTargetDependency */ = {
			isa = PBXTargetDependency;
			target = F2E56BA51B7DA62600547E36 /* SimpleWeather WatchKit App */;
			targetProxy = F2E56BA81B7DA62600547E36 /* PBXContainerItemProxy */;
		};
		F2E56BB31B7DA62600547E36 /* PBXTargetDependency */ = {
			isa = PBXTargetDependency;
			target = F2E56B9A1B7DA62600547E36 /* SimpleWeather WatchKit Extension */;
			targetProxy = F2E56BB21B7DA62600547E36 /* PBXContainerItemProxy */;
		};
/* End PBXTargetDependency section */

/* Begin PBXVariantGroup section */
		F2E56B7B1B7DA56000547E36 /* Main.storyboard */ = {
			isa = PBXVariantGroup;
			children = (
				F2E56B7C1B7DA56000547E36 /* Base */,
			);
			name = Main.storyboard;
			sourceTree = "<group>";
		};
		F2E56B801B7DA56000547E36 /* LaunchScreen.xib */ = {
			isa = PBXVariantGroup;
			children = (
				F2E56B811B7DA56000547E36 /* Base */,
			);
			name = LaunchScreen.xib;
			sourceTree = "<group>";
		};
		F2E56BAD1B7DA62600547E36 /* Interface.storyboard */ = {
			isa = PBXVariantGroup;
			children = (
				F2E56BAE1B7DA62600547E36 /* Base */,
			);
			name = Interface.storyboard;
			sourceTree = "<group>";
		};
/* End PBXVariantGroup section */

/* Begin XCBuildConfiguration section */
		F2E56B8F1B7DA56100547E36 /* Debug */ = {
			isa = XCBuildConfiguration;
			buildSettings = {
				ALWAYS_SEARCH_USER_PATHS = NO;
				CLANG_CXX_LANGUAGE_STANDARD = "gnu++0x";
				CLANG_CXX_LIBRARY = "libc++";
				CLANG_ENABLE_MODULES = YES;
				CLANG_ENABLE_OBJC_ARC = YES;
				CLANG_WARN_BOOL_CONVERSION = YES;
				CLANG_WARN_CONSTANT_CONVERSION = YES;
				CLANG_WARN_DIRECT_OBJC_ISA_USAGE = YES_ERROR;
				CLANG_WARN_EMPTY_BODY = YES;
				CLANG_WARN_ENUM_CONVERSION = YES;
				CLANG_WARN_INT_CONVERSION = YES;
				CLANG_WARN_OBJC_ROOT_CLASS = YES_ERROR;
				CLANG_WARN_UNREACHABLE_CODE = YES;
				CLANG_WARN__DUPLICATE_METHOD_MATCH = YES;
				"CODE_SIGN_IDENTITY[sdk=iphoneos*]" = "iPhone Developer";
				COPY_PHASE_STRIP = NO;
				DEBUG_INFORMATION_FORMAT = "dwarf-with-dsym";
				ENABLE_STRICT_OBJC_MSGSEND = YES;
				GCC_C_LANGUAGE_STANDARD = gnu99;
				GCC_DYNAMIC_NO_PIC = NO;
				GCC_NO_COMMON_BLOCKS = YES;
				GCC_OPTIMIZATION_LEVEL = 0;
				GCC_PREPROCESSOR_DEFINITIONS = (
					"DEBUG=1",
					"$(inherited)",
				);
				GCC_SYMBOLS_PRIVATE_EXTERN = NO;
				GCC_WARN_64_TO_32_BIT_CONVERSION = YES;
				GCC_WARN_ABOUT_RETURN_TYPE = YES_ERROR;
				GCC_WARN_UNDECLARED_SELECTOR = YES;
				GCC_WARN_UNINITIALIZED_AUTOS = YES_AGGRESSIVE;
				GCC_WARN_UNUSED_FUNCTION = YES;
				GCC_WARN_UNUSED_VARIABLE = YES;
				IPHONEOS_DEPLOYMENT_TARGET = 8.4;
				MTL_ENABLE_DEBUG_INFO = YES;
				ONLY_ACTIVE_ARCH = YES;
				SDKROOT = iphoneos;
			};
			name = Debug;
		};
		F2E56B901B7DA56100547E36 /* Release */ = {
			isa = XCBuildConfiguration;
			buildSettings = {
				ALWAYS_SEARCH_USER_PATHS = NO;
				CLANG_CXX_LANGUAGE_STANDARD = "gnu++0x";
				CLANG_CXX_LIBRARY = "libc++";
				CLANG_ENABLE_MODULES = YES;
				CLANG_ENABLE_OBJC_ARC = YES;
				CLANG_WARN_BOOL_CONVERSION = YES;
				CLANG_WARN_CONSTANT_CONVERSION = YES;
				CLANG_WARN_DIRECT_OBJC_ISA_USAGE = YES_ERROR;
				CLANG_WARN_EMPTY_BODY = YES;
				CLANG_WARN_ENUM_CONVERSION = YES;
				CLANG_WARN_INT_CONVERSION = YES;
				CLANG_WARN_OBJC_ROOT_CLASS = YES_ERROR;
				CLANG_WARN_UNREACHABLE_CODE = YES;
				CLANG_WARN__DUPLICATE_METHOD_MATCH = YES;
				"CODE_SIGN_IDENTITY[sdk=iphoneos*]" = "iPhone Developer";
				COPY_PHASE_STRIP = NO;
				DEBUG_INFORMATION_FORMAT = "dwarf-with-dsym";
				ENABLE_NS_ASSERTIONS = NO;
				ENABLE_STRICT_OBJC_MSGSEND = YES;
				GCC_C_LANGUAGE_STANDARD = gnu99;
				GCC_NO_COMMON_BLOCKS = YES;
				GCC_WARN_64_TO_32_BIT_CONVERSION = YES;
				GCC_WARN_ABOUT_RETURN_TYPE = YES_ERROR;
				GCC_WARN_UNDECLARED_SELECTOR = YES;
				GCC_WARN_UNINITIALIZED_AUTOS = YES_AGGRESSIVE;
				GCC_WARN_UNUSED_FUNCTION = YES;
				GCC_WARN_UNUSED_VARIABLE = YES;
				IPHONEOS_DEPLOYMENT_TARGET = 8.4;
				MTL_ENABLE_DEBUG_INFO = NO;
				SDKROOT = iphoneos;
				VALIDATE_PRODUCT = YES;
			};
			name = Release;
		};
		F2E56B921B7DA56100547E36 /* Debug */ = {
			isa = XCBuildConfiguration;
			buildSettings = {
				ASSETCATALOG_COMPILER_APPICON_NAME = AppIcon;
				INFOPLIST_FILE = SimpleWeather/Info.plist;
				LD_RUNPATH_SEARCH_PATHS = "$(inherited) @executable_path/Frameworks";
				PRODUCT_NAME = "$(TARGET_NAME)";
			};
			name = Debug;
		};
		F2E56B931B7DA56100547E36 /* Release */ = {
			isa = XCBuildConfiguration;
			buildSettings = {
				ASSETCATALOG_COMPILER_APPICON_NAME = AppIcon;
				INFOPLIST_FILE = SimpleWeather/Info.plist;
				LD_RUNPATH_SEARCH_PATHS = "$(inherited) @executable_path/Frameworks";
				PRODUCT_NAME = "$(TARGET_NAME)";
			};
			name = Release;
		};
		F2E56B951B7DA56100547E36 /* Debug */ = {
			isa = XCBuildConfiguration;
			buildSettings = {
				BUNDLE_LOADER = "$(TEST_HOST)";
				FRAMEWORK_SEARCH_PATHS = (
					"$(SDKROOT)/Developer/Library/Frameworks",
					"$(inherited)",
				);
				GCC_PREPROCESSOR_DEFINITIONS = (
					"DEBUG=1",
					"$(inherited)",
				);
				INFOPLIST_FILE = SimpleWeatherTests/Info.plist;
				LD_RUNPATH_SEARCH_PATHS = "$(inherited) @executable_path/Frameworks @loader_path/Frameworks";
				PRODUCT_NAME = "$(TARGET_NAME)";
				TEST_HOST = "$(BUILT_PRODUCTS_DIR)/SimpleWeather.app/SimpleWeather";
			};
			name = Debug;
		};
		F2E56B961B7DA56100547E36 /* Release */ = {
			isa = XCBuildConfiguration;
			buildSettings = {
				BUNDLE_LOADER = "$(TEST_HOST)";
				FRAMEWORK_SEARCH_PATHS = (
					"$(SDKROOT)/Developer/Library/Frameworks",
					"$(inherited)",
				);
				INFOPLIST_FILE = SimpleWeatherTests/Info.plist;
				LD_RUNPATH_SEARCH_PATHS = "$(inherited) @executable_path/Frameworks @loader_path/Frameworks";
				PRODUCT_NAME = "$(TARGET_NAME)";
				TEST_HOST = "$(BUILT_PRODUCTS_DIR)/SimpleWeather.app/SimpleWeather";
			};
			name = Release;
		};
		F2E56BB61B7DA62600547E36 /* Debug */ = {
			isa = XCBuildConfiguration;
			buildSettings = {
				ASSETCATALOG_COMPILER_APPICON_NAME = AppIcon;
				GCC_PREPROCESSOR_DEFINITIONS = (
					"DEBUG=1",
					"$(inherited)",
				);
				IBSC_MODULE = SimpleWeather_WatchKit_Extension;
				INFOPLIST_FILE = "SimpleWeather WatchKit App/Info.plist";
				IPHONEOS_DEPLOYMENT_TARGET = 8.2;
				PRODUCT_NAME = "$(TARGET_NAME)";
				SKIP_INSTALL = YES;
				TARGETED_DEVICE_FAMILY = 4;
				"TARGETED_DEVICE_FAMILY[sdk=iphonesimulator*]" = "1,4";
			};
			name = Debug;
		};
		F2E56BB71B7DA62600547E36 /* Release */ = {
			isa = XCBuildConfiguration;
			buildSettings = {
				ASSETCATALOG_COMPILER_APPICON_NAME = AppIcon;
				IBSC_MODULE = SimpleWeather_WatchKit_Extension;
				INFOPLIST_FILE = "SimpleWeather WatchKit App/Info.plist";
				IPHONEOS_DEPLOYMENT_TARGET = 8.2;
				PRODUCT_NAME = "$(TARGET_NAME)";
				SKIP_INSTALL = YES;
				TARGETED_DEVICE_FAMILY = 4;
				"TARGETED_DEVICE_FAMILY[sdk=iphonesimulator*]" = "1,4";
			};
			name = Release;
		};
		F2E56BB91B7DA62600547E36 /* Debug */ = {
			isa = XCBuildConfiguration;
			buildSettings = {
				GCC_PREPROCESSOR_DEFINITIONS = (
					"DEBUG=1",
					"$(inherited)",
				);
				INFOPLIST_FILE = "SimpleWeather WatchKit Extension/Info.plist";
				LD_RUNPATH_SEARCH_PATHS = "$(inherited) @executable_path/Frameworks @executable_path/../../Frameworks";
				PRODUCT_NAME = "${TARGET_NAME}";
				SKIP_INSTALL = YES;
			};
			name = Debug;
		};
		F2E56BBA1B7DA62600547E36 /* Release */ = {
			isa = XCBuildConfiguration;
			buildSettings = {
				INFOPLIST_FILE = "SimpleWeather WatchKit Extension/Info.plist";
				LD_RUNPATH_SEARCH_PATHS = "$(inherited) @executable_path/Frameworks @executable_path/../../Frameworks";
				PRODUCT_NAME = "${TARGET_NAME}";
				SKIP_INSTALL = YES;
			};
			name = Release;
		};
/* End XCBuildConfiguration section */

/* Begin XCConfigurationList section */
		F2E56B691B7DA56000547E36 /* Build configuration list for PBXProject "SimpleWeather" */ = {
			isa = XCConfigurationList;
			buildConfigurations = (
				F2E56B8F1B7DA56100547E36 /* Debug */,
				F2E56B901B7DA56100547E36 /* Release */,
			);
			defaultConfigurationIsVisible = 0;
			defaultConfigurationName = Release;
		};
		F2E56B911B7DA56100547E36 /* Build configuration list for PBXNativeTarget "SimpleWeather" */ = {
			isa = XCConfigurationList;
			buildConfigurations = (
				F2E56B921B7DA56100547E36 /* Debug */,
				F2E56B931B7DA56100547E36 /* Release */,
			);
			defaultConfigurationIsVisible = 0;
			defaultConfigurationName = Release;
		};
		F2E56B941B7DA56100547E36 /* Build configuration list for PBXNativeTarget "SimpleWeatherTests" */ = {
			isa = XCConfigurationList;
			buildConfigurations = (
				F2E56B951B7DA56100547E36 /* Debug */,
				F2E56B961B7DA56100547E36 /* Release */,
			);
			defaultConfigurationIsVisible = 0;
			defaultConfigurationName = Release;
		};
		F2E56BB51B7DA62600547E36 /* Build configuration list for PBXNativeTarget "SimpleWeather WatchKit App" */ = {
			isa = XCConfigurationList;
			buildConfigurations = (
				F2E56BB61B7DA62600547E36 /* Debug */,
				F2E56BB71B7DA62600547E36 /* Release */,
			);
			defaultConfigurationIsVisible = 0;
			defaultConfigurationName = Release;
		};
		F2E56BB81B7DA62600547E36 /* Build configuration list for PBXNativeTarget "SimpleWeather WatchKit Extension" */ = {
			isa = XCConfigurationList;
			buildConfigurations = (
				F2E56BB91B7DA62600547E36 /* Debug */,
				F2E56BBA1B7DA62600547E36 /* Release */,
			);
			defaultConfigurationIsVisible = 0;
			defaultConfigurationName = Release;
		};
/* End XCConfigurationList section */
	};
	rootObject = F2E56B661B7DA56000547E36 /* Project object */;
}
